
Microsoft Visual Studio Solution File, Format Version 12.00
# Visual Studio Version 17
VisualStudioVersion = 17.0.32014.148
MinimumVisualStudioVersion = 10.0.40219.1
Project("{2150E333-8FDC-42A3-9474-1A3956D46DE8}") = "Novedades CSharp", "Novedades CSharp", "{A7F51014-3E2B-4A1C-A4DE-3D27FB1B6348}"
EndProject
Project("{9A19103F-16F7-4668-BE54-9A1E7A4F7556}") = "GlobalUsings", "GlobalUsings\GlobalUsings.csproj", "{54C8D3C6-3EBA-45C5-B33A-4CA8938DF148}"
EndProject
Project("{2150E333-8FDC-42A3-9474-1A3956D46DE8}") = "GlobalUsingsSample", "GlobalUsingsSample", "{8F58E860-25B1-4EB9-B2B9-AABEEFA01AEC}"
EndProject
Project("{9A19103F-16F7-4668-BE54-9A1E7A4F7556}") = "Persistence", "Persistence\Persistence.csproj", "{9AFA3B08-7F1A-4A21-BFE5-A4004F1459C1}"
EndProject
Project("{2150E333-8FDC-42A3-9474-1A3956D46DE8}") = "http", "http", "{4BC10028-06E9-46B1-BC92-8B3D2A83A565}"
EndProject
Project("{9A19103F-16F7-4668-BE54-9A1E7A4F7556}") = "WebEjemploHttp", "WebEjemploHttp\WebEjemploHttp.csproj", "{55990C69-055A-433D-B410-B31C4EA10F52}"
EndProject
Project("{9A19103F-16F7-4668-BE54-9A1E7A4F7556}") = "ClienteApp", "ClienteApp\ClienteApp.csproj", "{C289FC77-DC29-4AA7-A440-613FC5238673}"
EndProject
Project("{2150E333-8FDC-42A3-9474-1A3956D46DE8}") = "MinimalAPI", "MinimalAPI", "{7455F80C-8BF7-49CB-B152-D7C2FC1716E6}"
EndProject
Project("{9A19103F-16F7-4668-BE54-9A1E7A4F7556}") = "EjemploMinimalAPI", "EjemploMinimalAPI\EjemploMinimalAPI.csproj", "{F3936D78-D0CC-4E13-BACC-1F25A9A87467}"
EndProject
Project("{2150E333-8FDC-42A3-9474-1A3956D46DE8}") = "Records", "Records", "{106E580F-FEA5-45FA-97B7-3B57AEE710DA}"
EndProject
Project("{9A19103F-16F7-4668-BE54-9A1E7A4F7556}") = "RecordsApp", "RecordsApp\RecordsApp.csproj", "{20DC6673-DB49-4DFB-97E5-071256295B31}"
EndProject
Project("{2150E333-8FDC-42A3-9474-1A3956D46DE8}") = "Deconstruction", "Deconstruction", "{78428D68-69F1-41D5-B09F-F3DB6947D01B}"
EndProject
Project("{9A19103F-16F7-4668-BE54-9A1E7A4F7556}") = "TupleDeconstructing", "TupleDeconstructing\TupleDeconstructing.csproj", "{AC8A0AFF-C3AD-4978-9BA7-301A87162468}"
EndProject
Project("{2150E333-8FDC-42A3-9474-1A3956D46DE8}") = "POO", "POO", "{1F20837F-EDE1-49D9-B979-11FA61DD6145}"
EndProject
Project("{9A19103F-16F7-4668-BE54-9A1E7A4F7556}") = "AppPOO", "AppPOO\AppPOO.csproj", "{DEFE72A6-53BD-4568-9B8F-C61244A29104}"
EndProject
Project("{2150E333-8FDC-42A3-9474-1A3956D46DE8}") = "Estructuras de Datos", "Estructuras de Datos", "{E533FF55-DC7E-4416-8BF4-B14B8257BADF}"
EndProject
Project("{FAE04EC0-301F-11D3-BF4B-00C04F79EFBC}") = "EstructurasDeDatos", "EstructurasDeDatos\EstructurasDeDatos.csproj", "{3ED99BB7-DB29-4549-8D47-6C151433E6B0}"
EndProject
Global
	GlobalSection(SolutionConfigurationPlatforms) = preSolution
		Debug|Any CPU = Debug|Any CPU
		Release|Any CPU = Release|Any CPU
	EndGlobalSection
	GlobalSection(ProjectConfigurationPlatforms) = postSolution
		{54C8D3C6-3EBA-45C5-B33A-4CA8938DF148}.Debug|Any CPU.ActiveCfg = Debug|Any CPU
		{54C8D3C6-3EBA-45C5-B33A-4CA8938DF148}.Debug|Any CPU.Build.0 = Debug|Any CPU
		{54C8D3C6-3EBA-45C5-B33A-4CA8938DF148}.Release|Any CPU.ActiveCfg = Release|Any CPU
		{54C8D3C6-3EBA-45C5-B33A-4CA8938DF148}.Release|Any CPU.Build.0 = Release|Any CPU
		{9AFA3B08-7F1A-4A21-BFE5-A4004F1459C1}.Debug|Any CPU.ActiveCfg = Debug|Any CPU
		{9AFA3B08-7F1A-4A21-BFE5-A4004F1459C1}.Debug|Any CPU.Build.0 = Debug|Any CPU
		{9AFA3B08-7F1A-4A21-BFE5-A4004F1459C1}.Release|Any CPU.ActiveCfg = Release|Any CPU
		{9AFA3B08-7F1A-4A21-BFE5-A4004F1459C1}.Release|Any CPU.Build.0 = Release|Any CPU
		{55990C69-055A-433D-B410-B31C4EA10F52}.Debug|Any CPU.ActiveCfg = Debug|Any CPU
		{55990C69-055A-433D-B410-B31C4EA10F52}.Debug|Any CPU.Build.0 = Debug|Any CPU
		{55990C69-055A-433D-B410-B31C4EA10F52}.Release|Any CPU.ActiveCfg = Release|Any CPU
		{55990C69-055A-433D-B410-B31C4EA10F52}.Release|Any CPU.Build.0 = Release|Any CPU
		{C289FC77-DC29-4AA7-A440-613FC5238673}.Debug|Any CPU.ActiveCfg = Debug|Any CPU
		{C289FC77-DC29-4AA7-A440-613FC5238673}.Debug|Any CPU.Build.0 = Debug|Any CPU
		{C289FC77-DC29-4AA7-A440-613FC5238673}.Release|Any CPU.ActiveCfg = Release|Any CPU
		{C289FC77-DC29-4AA7-A440-613FC5238673}.Release|Any CPU.Build.0 = Release|Any CPU
		{F3936D78-D0CC-4E13-BACC-1F25A9A87467}.Debug|Any CPU.ActiveCfg = Debug|Any CPU
		{F3936D78-D0CC-4E13-BACC-1F25A9A87467}.Debug|Any CPU.Build.0 = Debug|Any CPU
		{F3936D78-D0CC-4E13-BACC-1F25A9A87467}.Release|Any CPU.ActiveCfg = Release|Any CPU
		{F3936D78-D0CC-4E13-BACC-1F25A9A87467}.Release|Any CPU.Build.0 = Release|Any CPU
		{20DC6673-DB49-4DFB-97E5-071256295B31}.Debug|Any CPU.ActiveCfg = Debug|Any CPU
		{20DC6673-DB49-4DFB-97E5-071256295B31}.Debug|Any CPU.Build.0 = Debug|Any CPU
		{20DC6673-DB49-4DFB-97E5-071256295B31}.Release|Any CPU.ActiveCfg = Release|Any CPU
		{20DC6673-DB49-4DFB-97E5-071256295B31}.Release|Any CPU.Build.0 = Release|Any CPU
		{AC8A0AFF-C3AD-4978-9BA7-301A87162468}.Debug|Any CPU.ActiveCfg = Debug|Any CPU
		{AC8A0AFF-C3AD-4978-9BA7-301A87162468}.Debug|Any CPU.Build.0 = Debug|Any CPU
		{AC8A0AFF-C3AD-4978-9BA7-301A87162468}.Release|Any CPU.ActiveCfg = Release|Any CPU
		{AC8A0AFF-C3AD-4978-9BA7-301A87162468}.Release|Any CPU.Build.0 = Release|Any CPU
		{DEFE72A6-53BD-4568-9B8F-C61244A29104}.Debug|Any CPU.ActiveCfg = Debug|Any CPU
		{DEFE72A6-53BD-4568-9B8F-C61244A29104}.Debug|Any CPU.Build.0 = Debug|Any CPU
		{DEFE72A6-53BD-4568-9B8F-C61244A29104}.Release|Any CPU.ActiveCfg = Release|Any CPU
		{DEFE72A6-53BD-4568-9B8F-C61244A29104}.Release|Any CPU.Build.0 = Release|Any CPU
		{3ED99BB7-DB29-4549-8D47-6C151433E6B0}.Debug|Any CPU.ActiveCfg = Debug|Any CPU
		{3ED99BB7-DB29-4549-8D47-6C151433E6B0}.Debug|Any CPU.Build.0 = Debug|Any CPU
		{3ED99BB7-DB29-4549-8D47-6C151433E6B0}.Release|Any CPU.ActiveCfg = Release|Any CPU
		{3ED99BB7-DB29-4549-8D47-6C151433E6B0}.Release|Any CPU.Build.0 = Release|Any CPU
	EndGlobalSection
	GlobalSection(SolutionProperties) = preSolution
		HideSolutionNode = FALSE
	EndGlobalSection
	GlobalSection(NestedProjects) = preSolution
		{54C8D3C6-3EBA-45C5-B33A-4CA8938DF148} = {8F58E860-25B1-4EB9-B2B9-AABEEFA01AEC}
		{8F58E860-25B1-4EB9-B2B9-AABEEFA01AEC} = {A7F51014-3E2B-4A1C-A4DE-3D27FB1B6348}
		{9AFA3B08-7F1A-4A21-BFE5-A4004F1459C1} = {8F58E860-25B1-4EB9-B2B9-AABEEFA01AEC}
		{55990C69-055A-433D-B410-B31C4EA10F52} = {4BC10028-06E9-46B1-BC92-8B3D2A83A565}
		{C289FC77-DC29-4AA7-A440-613FC5238673} = {4BC10028-06E9-46B1-BC92-8B3D2A83A565}
		{7455F80C-8BF7-49CB-B152-D7C2FC1716E6} = {A7F51014-3E2B-4A1C-A4DE-3D27FB1B6348}
		{F3936D78-D0CC-4E13-BACC-1F25A9A87467} = {7455F80C-8BF7-49CB-B152-D7C2FC1716E6}
		{106E580F-FEA5-45FA-97B7-3B57AEE710DA} = {A7F51014-3E2B-4A1C-A4DE-3D27FB1B6348}
		{20DC6673-DB49-4DFB-97E5-071256295B31} = {106E580F-FEA5-45FA-97B7-3B57AEE710DA}
		{78428D68-69F1-41D5-B09F-F3DB6947D01B} = {A7F51014-3E2B-4A1C-A4DE-3D27FB1B6348}
		{AC8A0AFF-C3AD-4978-9BA7-301A87162468} = {78428D68-69F1-41D5-B09F-F3DB6947D01B}
		{DEFE72A6-53BD-4568-9B8F-C61244A29104} = {1F20837F-EDE1-49D9-B979-11FA61DD6145}
		{3ED99BB7-DB29-4549-8D47-6C151433E6B0} = {E533FF55-DC7E-4416-8BF4-B14B8257BADF}
	EndGlobalSection
	GlobalSection(ExtensibilityGlobals) = postSolution
		SolutionGuid = {A0EE2371-3770-4C57-A253-C62B910273D2}
	EndGlobalSection
EndGlobal
